lockfileVersion: '9.0'

settings:
  autoInstallPeers: true
  excludeLinksFromLockfile: false

importers:

  .:
    dependencies:
      es-toolkit:
        specifier: ^1.39.3
        version: 1.39.3

packages:

  es-toolkit@1.39.3:
    resolution: {integrity: sha512-Qb/TCFCldgOy8lZ5uC7nLGdqJwSabkQiYQShmw4jyiPk1pZzaYWTwaYKYP7EgLccWYgZocMrtItrwh683voaww==}

snapshots:

  es-toolkit@1.39.3: {}
